
Microsoft Visual Studio Solution File, Format Version 12.00
# Visual Studio 2013
VisualStudioVersion = 12.0.30723.0
MinimumVisualStudioVersion = 10.0.40219.1
Project("{8BC9CEB8-8B4A-11D0-8D11-00A0C91BC942}") = "minmax", "minmax\minmax.vcxproj", "{361B62EF-6D18-4C52-A706-DDD127E579B7}"
EndProject
Global
	GlobalSection(SolutionConfigurationPlatforms) = preSolution
		Debug|Win32 = Debug|Win32
		Release|Win32 = Release|Win32
		Testing|Win32 = Testing|Win32
	EndGlobalSection
	GlobalSection(ProjectConfigurationPlatforms) = postSolution
		{361B62EF-6D18-4C52-A706-DDD127E579B7}.Debug|Win32.ActiveCfg = Debug|Win32
		{361B62EF-6D18-4C52-A706-DDD127E579B7}.Debug|Win32.Build.0 = Debug|Win32
		{361B62EF-6D18-4C52-A706-DDD127E579B7}.Release|Win32.ActiveCfg = Release|Win32
		{361B62EF-6D18-4C52-A706-DDD127E579B7}.Release|Win32.Build.0 = Release|Win32
		{361B62EF-6D18-4C52-A706-DDD127E579B7}.Testing|Win32.ActiveCfg = Testing|Win32
		{361B62EF-6D18-4C52-A706-DDD127E579B7}.Testing|Win32.Build.0 = Testing|Win32
	EndGlobalSection
	GlobalSection(SolutionProperties) = preSolution
		HideSolutionNode = FALSE
	EndGlobalSection
EndGlobal
