<?xml version="1.0" encoding="utf-8"?>
<Project ToolsVersion="4.0" xmlns="http://schemas.microsoft.com/developer/msbuild/2003">
  <ItemGroup>
    <Filter Include="Source Files">
      <UniqueIdentifier>{4FC737F1-C7A5-4376-A066-2A32D752A2FF}</UniqueIdentifier>
      <Extensions>cpp;c;cc;cxx;def;odl;idl;hpj;bat;asm;asmx</Extensions>
    </Filter>
    <Filter Include="Header Files">
      <UniqueIdentifier>{93995380-89BD-4b04-88EB-625FBE52EBFB}</UniqueIdentifier>
      <Extensions>h;hh;hpp;hxx;hm;inl;inc;xsd</Extensions>
    </Filter>
    <Filter Include="Resource Files">
      <UniqueIdentifier>{67DA6AB6-F800-4c08-8B7A-83BB121AAD01}</UniqueIdentifier>
      <Extensions>rc;ico;cur;bmp;dlg;rc2;rct;bin;rgs;gif;jpg;jpeg;jpe;resx;tiff;tif;png;wav;mfcribbon-ms</Extensions>
    </Filter>
  </ItemGroup>
  <ItemGroup>
    <ClCompile Include="app.cpp">
      <Filter>Source Files</Filter>
    </ClCompile>
    <ClCompile Include="sine-wave.cpp">
      <Filter>Source Files</Filter>
    </ClCompile>
    <ClCompile Include="sample-stream.cpp">
      <Filter>Source Files</Filter>
    </ClCompile>
    <ClCompile Include="wave-sampling-stream.cpp">
      <Filter>Source Files</Filter>
    </ClCompile>
    <ClCompile Include="wave-file.cpp">
      <Filter>Source Files</Filter>
    </ClCompile>
    <ClCompile Include="bytes-buffer.cpp">
      <Filter>Source Files</Filter>
    </ClCompile>
    <ClCompile Include="demultiplexer.cpp">
      <Filter>Source Files</Filter>
    </ClCompile>
    <ClCompile Include="int16-stream-builder.cpp">
      <Filter>Source Files</Filter>
    </ClCompile>
    <ClCompile Include="int16-stream-splitter.cpp">
      <Filter>Source Files</Filter>
    </ClCompile>
    <ClCompile Include="double-to-int16-converter.cpp">
      <Filter>Source Files</Filter>
    </ClCompile>
    <ClCompile Include="int16-to-double-converter.cpp">
      <Filter>Source Files</Filter>
    </ClCompile>
    <ClCompile Include="data-stream.cpp">
      <Filter>Source Files</Filter>
    </ClCompile>
    <ClCompile Include="interpolator.cpp">
      <Filter>Source Files</Filter>
    </ClCompile>
    <ClCompile Include="speeder-upper.cpp">
      <Filter>Source Files</Filter>
    </ClCompile>
    <ClCompile Include="wave-concatenation.cpp">
      <Filter>Source Files</Filter>
    </ClCompile>
    <ClCompile Include="zero-wave.cpp">
      <Filter>Source Files</Filter>
    </ClCompile>
    <ClCompile Include="composer.cpp">
      <Filter>Source Files</Filter>
    </ClCompile>
    <ClCompile Include="triangle-wave.cpp">
      <Filter>Source Files</Filter>
    </ClCompile>
    <ClCompile Include="wave.cpp">
      <Filter>Source Files</Filter>
    </ClCompile>
    <ClCompile Include="normaliser.cpp">
      <Filter>Source Files</Filter>
    </ClCompile>
  </ItemGroup>
  <ItemGroup>
    <ClInclude Include="wave.h">
      <Filter>Header Files</Filter>
    </ClInclude>
    <ClInclude Include="stream.h">
      <Filter>Header Files</Filter>
    </ClInclude>
    <ClInclude Include="sample-stream.h">
      <Filter>Header Files</Filter>
    </ClInclude>
    <ClInclude Include="wave-sampling-stream.h">
      <Filter>Header Files</Filter>
    </ClInclude>
    <ClInclude Include="sine-wave.h">
      <Filter>Header Files</Filter>
    </ClInclude>
    <ClInclude Include="wave-file.h">
      <Filter>Header Files</Filter>
    </ClInclude>
    <ClInclude Include="bytes-buffer.h">
      <Filter>Header Files</Filter>
    </ClInclude>
    <ClInclude Include="demultiplexer.h">
      <Filter>Header Files</Filter>
    </ClInclude>
    <ClInclude Include="int16-stream-builder.h">
      <Filter>Header Files</Filter>
    </ClInclude>
    <ClInclude Include="int16-stream-splitter.h">
      <Filter>Header Files</Filter>
    </ClInclude>
    <ClInclude Include="double-to-int16-converter.h">
      <Filter>Header Files</Filter>
    </ClInclude>
    <ClInclude Include="int16-to-double-converter.h">
      <Filter>Header Files</Filter>
    </ClInclude>
    <ClInclude Include="data-stream.h">
      <Filter>Header Files</Filter>
    </ClInclude>
    <ClInclude Include="interpolator.h">
      <Filter>Header Files</Filter>
    </ClInclude>
    <ClInclude Include="speeder-upper.h">
      <Filter>Header Files</Filter>
    </ClInclude>
    <ClInclude Include="note.h">
      <Filter>Header Files</Filter>
    </ClInclude>
    <ClInclude Include="wave-concatenation.h">
      <Filter>Header Files</Filter>
    </ClInclude>
    <ClInclude Include="zero-wave.h">
      <Filter>Header Files</Filter>
    </ClInclude>
    <ClInclude Include="composer.h">
      <Filter>Header Files</Filter>
    </ClInclude>
    <ClInclude Include="triangle-wave.h">
      <Filter>Header Files</Filter>
    </ClInclude>
    <ClInclude Include="normaliser.h">
      <Filter>Header Files</Filter>
    </ClInclude>
    <ClInclude Include="Catch.h">
      <Filter>Header Files</Filter>
    </ClInclude>
  </ItemGroup>
</Project>