<?xml version="1.0" encoding="utf-8"?>
<Project ToolsVersion="4.0" xmlns="http://schemas.microsoft.com/developer/msbuild/2003">
  <ItemGroup>
    <Filter Include="Source Files">
      <UniqueIdentifier>{4FC737F1-C7A5-4376-A066-2A32D752A2FF}</UniqueIdentifier>
      <Extensions>cpp;c;cc;cxx;def;odl;idl;hpj;bat;asm;asmx</Extensions>
    </Filter>
    <Filter Include="Header Files">
      <UniqueIdentifier>{93995380-89BD-4b04-88EB-625FBE52EBFB}</UniqueIdentifier>
      <Extensions>h;hh;hpp;hxx;hm;inl;inc;xsd</Extensions>
    </Filter>
    <Filter Include="Resource Files">
      <UniqueIdentifier>{67DA6AB6-F800-4c08-8B7A-83BB121AAD01}</UniqueIdentifier>
      <Extensions>rc;ico;cur;bmp;dlg;rc2;rct;bin;rgs;gif;jpg;jpeg;jpe;resx;tiff;tif;png;wav;mfcribbon-ms</Extensions>
    </Filter>
  </ItemGroup>
  <ItemGroup>
    <ClCompile Include="app.cpp">
      <Filter>Source Files</Filter>
    </ClCompile>
    <ClCompile Include="wave-file.cpp">
      <Filter>Source Files</Filter>
    </ClCompile>
    <ClCompile Include="streams\bytes-buffer.cpp">
      <Filter>Source Files</Filter>
    </ClCompile>
    <ClCompile Include="waves\wave.cpp">
      <Filter>Source Files</Filter>
    </ClCompile>
    <ClCompile Include="waves\zero-wave.cpp">
      <Filter>Source Files</Filter>
    </ClCompile>
    <ClCompile Include="streams\converters\conversions.cpp">
      <Filter>Source Files</Filter>
    </ClCompile>
    <ClCompile Include="streams\data-stream.cpp">
      <Filter>Source Files</Filter>
    </ClCompile>
    <ClCompile Include="waves\interpolator.cpp">
      <Filter>Source Files</Filter>
    </ClCompile>
    <ClCompile Include="waves\reverb.cpp">
      <Filter>Source Files</Filter>
    </ClCompile>
    <ClCompile Include="waves\sine-wave.cpp">
      <Filter>Source Files</Filter>
    </ClCompile>
    <ClCompile Include="waves\speeder-upper.cpp">
      <Filter>Source Files</Filter>
    </ClCompile>
    <ClCompile Include="waves\square-wave.cpp">
      <Filter>Source Files</Filter>
    </ClCompile>
    <ClCompile Include="waves\triangle-wave.cpp">
      <Filter>Source Files</Filter>
    </ClCompile>
    <ClCompile Include="waves\wave-concatenation.cpp">
      <Filter>Source Files</Filter>
    </ClCompile>
    <ClCompile Include="waves\wave-sampling-stream.cpp">
      <Filter>Source Files</Filter>
    </ClCompile>
    <ClCompile Include="tests\testlib.cpp">
      <Filter>Source Files</Filter>
    </ClCompile>
    <ClCompile Include="tests\tests-main.cpp">
      <Filter>Source Files</Filter>
    </ClCompile>
    <ClCompile Include="tests\streams\converters\double-to-int16-conversion-tests.cpp">
      <Filter>Source Files</Filter>
    </ClCompile>
    <ClCompile Include="streams\converters\double-to-int16-conversion.cpp">
      <Filter>Source Files</Filter>
    </ClCompile>
    <ClCompile Include="streams\converters\double-to-uint8-conversion.cpp">
      <Filter>Source Files</Filter>
    </ClCompile>
    <ClCompile Include="streams\converters\int16-to-double-conversion.cpp">
      <Filter>Source Files</Filter>
    </ClCompile>
    <ClCompile Include="streams\converters\int16-to-uint8-conversion.cpp">
      <Filter>Source Files</Filter>
    </ClCompile>
    <ClCompile Include="streams\converters\uint8-to-double-conversion.cpp">
      <Filter>Source Files</Filter>
    </ClCompile>
    <ClCompile Include="streams\converters\uint8-to-int16-conversion.cpp">
      <Filter>Source Files</Filter>
    </ClCompile>
    <ClCompile Include="streams\normaliser.cpp">
      <Filter>Source Files</Filter>
    </ClCompile>
    <ClCompile Include="tests\streams\converters\double-to-uint8-conversion-tests.cpp">
      <Filter>Source Files</Filter>
    </ClCompile>
    <ClCompile Include="tests\streams\converters\int16-to-double-conversion-tests.cpp">
      <Filter>Source Files</Filter>
    </ClCompile>
    <ClCompile Include="tests\streams\converters\int16-to-uint8-conversion-tests.cpp">
      <Filter>Source Files</Filter>
    </ClCompile>
    <ClCompile Include="tests\streams\converters\uint8-to-double-conversion-tests.cpp">
      <Filter>Source Files</Filter>
    </ClCompile>
    <ClCompile Include="tests\streams\converters\uint8-to-int16-conversion-tests.cpp">
      <Filter>Source Files</Filter>
    </ClCompile>
    <ClCompile Include="tests\streams\demultiplexer-tests.cpp">
      <Filter>Source Files</Filter>
    </ClCompile>
    <ClCompile Include="tests\streams\multiplexer-tests.cpp">
      <Filter>Source Files</Filter>
    </ClCompile>
    <ClCompile Include="tests\waves\sine-wave-tests.cpp">
      <Filter>Source Files</Filter>
    </ClCompile>
    <ClCompile Include="tests\waves\square-wave-tests.cpp">
      <Filter>Source Files</Filter>
    </ClCompile>
    <ClCompile Include="tests\waves\triangle-wave-tests.cpp">
      <Filter>Source Files</Filter>
    </ClCompile>
    <ClCompile Include="tests\waves\interpolator-tests.cpp">
      <Filter>Source Files</Filter>
    </ClCompile>
    <ClCompile Include="tests\waves\reverb-tests.cpp">
      <Filter>Source Files</Filter>
    </ClCompile>
    <ClCompile Include="tests\waves\speeder-upper-tests.cpp">
      <Filter>Source Files</Filter>
    </ClCompile>
    <ClCompile Include="tests\waves\wave-sampling-stream-solution-tests.cpp">
      <Filter>Source Files</Filter>
    </ClCompile>
    <ClCompile Include="tests\waves\wave-concatenation-tests.cpp">
      <Filter>Source Files</Filter>
    </ClCompile>
  </ItemGroup>
  <ItemGroup>
    <ClInclude Include="wave-file.h">
      <Filter>Header Files</Filter>
    </ClInclude>
    <ClInclude Include="Catch.h">
      <Filter>Header Files</Filter>
    </ClInclude>
    <ClInclude Include="streams\bytes-buffer.h">
      <Filter>Header Files</Filter>
    </ClInclude>
    <ClInclude Include="streams\stream.h">
      <Filter>Header Files</Filter>
    </ClInclude>
    <ClInclude Include="waves\wave.h">
      <Filter>Header Files</Filter>
    </ClInclude>
    <ClInclude Include="waves\zero-wave.h">
      <Filter>Header Files</Filter>
    </ClInclude>
    <ClInclude Include="streams\converters\conversions.h">
      <Filter>Header Files</Filter>
    </ClInclude>
    <ClInclude Include="waves\waves.h">
      <Filter>Header Files</Filter>
    </ClInclude>
    <ClInclude Include="streams\streams.h">
      <Filter>Header Files</Filter>
    </ClInclude>
    <ClInclude Include="streams\data-stream.h">
      <Filter>Header Files</Filter>
    </ClInclude>
    <ClInclude Include="waves\interpolator.h">
      <Filter>Header Files</Filter>
    </ClInclude>
    <ClInclude Include="waves\reverb.h">
      <Filter>Header Files</Filter>
    </ClInclude>
    <ClInclude Include="waves\sine-wave.h">
      <Filter>Header Files</Filter>
    </ClInclude>
    <ClInclude Include="waves\speeder-upper.h">
      <Filter>Header Files</Filter>
    </ClInclude>
    <ClInclude Include="waves\square-wave.h">
      <Filter>Header Files</Filter>
    </ClInclude>
    <ClInclude Include="waves\triangle-wave.h">
      <Filter>Header Files</Filter>
    </ClInclude>
    <ClInclude Include="waves\wave-concatenation.h">
      <Filter>Header Files</Filter>
    </ClInclude>
    <ClInclude Include="waves\wave-sampling-stream.h">
      <Filter>Header Files</Filter>
    </ClInclude>
    <ClInclude Include="tests\testlib.h">
      <Filter>Header Files</Filter>
    </ClInclude>
    <ClInclude Include="streams\converters\double-to-int16-conversion.h">
      <Filter>Header Files</Filter>
    </ClInclude>
    <ClInclude Include="streams\converters\double-to-uint8-conversion.h">
      <Filter>Header Files</Filter>
    </ClInclude>
    <ClInclude Include="streams\converters\int16-to-double-conversion.h">
      <Filter>Header Files</Filter>
    </ClInclude>
    <ClInclude Include="streams\converters\int16-to-uint8-conversion.h">
      <Filter>Header Files</Filter>
    </ClInclude>
    <ClInclude Include="streams\converters\uint8-to-double-conversion.h">
      <Filter>Header Files</Filter>
    </ClInclude>
    <ClInclude Include="streams\converters\uint8-to-int16-conversion.h">
      <Filter>Header Files</Filter>
    </ClInclude>
    <ClInclude Include="streams\demultiplexer.h">
      <Filter>Header Files</Filter>
    </ClInclude>
    <ClInclude Include="streams\multiplexer.h">
      <Filter>Header Files</Filter>
    </ClInclude>
    <ClInclude Include="streams\normaliser.h">
      <Filter>Header Files</Filter>
    </ClInclude>
  </ItemGroup>
</Project>